// !$*UTF8*$!
{
	archiveVersion = 1;
	classes = {
	};
	objectVersion = 56;
	objects = {

/* Begin PBXBuildFile section */
		A71665292B7FACFD0033FD9E /* AppDelegate.swift in Sources */ = {isa = PBXBuildFile; fileRef = A71665282B7FACFD0033FD9E /* AppDelegate.swift */; };
		A716652B2B7FACFD0033FD9E /* SceneDelegate.swift in Sources */ = {isa = PBXBuildFile; fileRef = A716652A2B7FACFD0033FD9E /* SceneDelegate.swift */; };
		A716652D2B7FACFD0033FD9E /* ViewController.swift in Sources */ = {isa = PBXBuildFile; fileRef = A716652C2B7FACFD0033FD9E /* ViewController.swift */; };
		A71665302B7FACFD0033FD9E /* Main.storyboard in Resources */ = {isa = PBXBuildFile; fileRef = A716652E2B7FACFD0033FD9E /* Main.storyboard */; };
		A71665322B7FACFE0033FD9E /* Assets.xcassets in Resources */ = {isa = PBXBuildFile; fileRef = A71665312B7FACFE0033FD9E /* Assets.xcassets */; };
		A71665352B7FACFE0033FD9E /* LaunchScreen.storyboard in Resources */ = {isa = PBXBuildFile; fileRef = A71665332B7FACFE0033FD9E /* LaunchScreen.storyboard */; };
		A71665402B7FACFE0033FD9E /* HWlesson23Tests.swift in Sources */ = {isa = PBXBuildFile; fileRef = A716653F2B7FACFE0033FD9E /* HWlesson23Tests.swift */; };
		A716654A2B7FACFE0033FD9E /* HWlesson23UITests.swift in Sources */ = {isa = PBXBuildFile; fileRef = A71665492B7FACFE0033FD9E /* HWlesson23UITests.swift */; };
		A716654C2B7FACFE0033FD9E /* HWlesson23UITestsLaunchTests.swift in Sources */ = {isa = PBXBuildFile; fileRef = A716654B2B7FACFE0033FD9E /* HWlesson23UITestsLaunchTests.swift */; };
		A71665592B7FE3C60033FD9E /* BookmarkTableViewCell.swift in Sources */ = {isa = PBXBuildFile; fileRef = A71665582B7FE3C60033FD9E /* BookmarkTableViewCell.swift */; };
		A716655B2B80DC490033FD9E /* Bookmark.swift in Sources */ = {isa = PBXBuildFile; fileRef = A716655A2B80DC490033FD9E /* Bookmark.swift */; };
/* End PBXBuildFile section */

/* Begin PBXContainerItemProxy section */
		A716653C2B7FACFE0033FD9E /* PBXContainerItemProxy */ = {
			isa = PBXContainerItemProxy;
			containerPortal = A716651D2B7FACFD0033FD9E /* Project object */;
			proxyType = 1;
			remoteGlobalIDString = A71665242B7FACFD0033FD9E;
			remoteInfo = HWlesson23;
		};
		A71665462B7FACFE0033FD9E /* PBXContainerItemProxy */ = {
			isa = PBXContainerItemProxy;
			containerPortal = A716651D2B7FACFD0033FD9E /* Project object */;
			proxyType = 1;
			remoteGlobalIDString = A71665242B7FACFD0033FD9E;
			remoteInfo = HWlesson23;
		};
/* End PBXContainerItemProxy section */

/* Begin PBXFileReference section */
		A71665252B7FACFD0033FD9E /* HWlesson23.app */ = {isa = PBXFileReference; explicitFileType = wrapper.application; includeInIndex = 0; path = HWlesson23.app; sourceTree = BUILT_PRODUCTS_DIR; };
		A71665282B7FACFD0033FD9E /* AppDelegate.swift */ = {isa = PBXFileReference; lastKnownFileType = sourcecode.swift; path = AppDelegate.swift; sourceTree = "<group>"; };
		A716652A2B7FACFD0033FD9E /* SceneDelegate.swift */ = {isa = PBXFileReference; lastKnownFileType = sourcecode.swift; path = SceneDelegate.swift; sourceTree = "<group>"; };
		A716652C2B7FACFD0033FD9E /* ViewController.swift */ = {isa = PBXFileReference; lastKnownFileType = sourcecode.swift; path = ViewController.swift; sourceTree = "<group>"; };
		A716652F2B7FACFD0033FD9E /* Base */ = {isa = PBXFileReference; lastKnownFileType = file.storyboard; name = Base; path = Base.lproj/Main.storyboard; sourceTree = "<group>"; };
		A71665312B7FACFE0033FD9E /* Assets.xcassets */ = {isa = PBXFileReference; lastKnownFileType = folder.assetcatalog; path = Assets.xcassets; sourceTree = "<group>"; };
		A71665342B7FACFE0033FD9E /* Base */ = {isa = PBXFileReference; lastKnownFileType = file.storyboard; name = Base; path = Base.lproj/LaunchScreen.storyboard; sourceTree = "<group>"; };
		A71665362B7FACFE0033FD9E /* Info.plist */ = {isa = PBXFileReference; lastKnownFileType = text.plist.xml; path = Info.plist; sourceTree = "<group>"; };
		A716653B2B7FACFE0033FD9E /* HWlesson23Tests.xctest */ = {isa = PBXFileReference; explicitFileType = wrapper.cfbundle; includeInIndex = 0; path = HWlesson23Tests.xctest; sourceTree = BUILT_PRODUCTS_DIR; };
		A716653F2B7FACFE0033FD9E /* HWlesson23Tests.swift */ = {isa = PBXFileReference; lastKnownFileType = sourcecode.swift; path = HWlesson23Tests.swift; sourceTree = "<group>"; };
		A71665452B7FACFE0033FD9E /* HWlesson23UITests.xctest */ = {isa = PBXFileReference; explicitFileType = wrapper.cfbundle; includeInIndex = 0; path = HWlesson23UITests.xctest; sourceTree = BUILT_PRODUCTS_DIR; };
		A71665492B7FACFE0033FD9E /* HWlesson23UITests.swift */ = {isa = PBXFileReference; lastKnownFileType = sourcecode.swift; path = HWlesson23UITests.swift; sourceTree = "<group>"; };
		A716654B2B7FACFE0033FD9E /* HWlesson23UITestsLaunchTests.swift */ = {isa = PBXFileReference; lastKnownFileType = sourcecode.swift; path = HWlesson23UITestsLaunchTests.swift; sourceTree = "<group>"; };
		A71665582B7FE3C60033FD9E /* BookmarkTableViewCell.swift */ = {isa = PBXFileReference; lastKnownFileType = sourcecode.swift; path = BookmarkTableViewCell.swift; sourceTree = "<group>"; };
		A716655A2B80DC490033FD9E /* Bookmark.swift */ = {isa = PBXFileReference; lastKnownFileType = sourcecode.swift; path = Bookmark.swift; sourceTree = "<group>"; };
/* End PBXFileReference section */

/* Begin PBXFrameworksBuildPhase section */
		A71665222B7FACFD0033FD9E /* Frameworks */ = {
			isa = PBXFrameworksBuildPhase;
			buildActionMask = 2147483647;
			files = (
			);
			runOnlyForDeploymentPostprocessing = 0;
		};
		A71665382B7FACFE0033FD9E /* Frameworks */ = {
			isa = PBXFrameworksBuildPhase;
			buildActionMask = 2147483647;
			files = (
			);
			runOnlyForDeploymentPostprocessing = 0;
		};
		A71665422B7FACFE0033FD9E /* Frameworks */ = {
			isa = PBXFrameworksBuildPhase;
			buildActionMask = 2147483647;
			files = (
			);
			runOnlyForDeploymentPostprocessing = 0;
		};
/* End PBXFrameworksBuildPhase section */

/* Begin PBXGroup section */
		A716651C2B7FACFD0033FD9E = {
			isa = PBXGroup;
			children = (
				A71665272B7FACFD0033FD9E /* HWlesson23 */,
				A716653E2B7FACFE0033FD9E /* HWlesson23Tests */,
				A71665482B7FACFE0033FD9E /* HWlesson23UITests */,
				A71665262B7FACFD0033FD9E /* Products */,
			);
			sourceTree = "<group>";
		};
		A71665262B7FACFD0033FD9E /* Products */ = {
			isa = PBXGroup;
			children = (
				A71665252B7FACFD0033FD9E /* HWlesson23.app */,
				A716653B2B7FACFE0033FD9E /* HWlesson23Tests.xctest */,
				A71665452B7FACFE0033FD9E /* HWlesson23UITests.xctest */,
			);
			name = Products;
			sourceTree = "<group>";
		};
		A71665272B7FACFD0033FD9E /* HWlesson23 */ = {
			isa = PBXGroup;
			children = (
				A71665282B7FACFD0033FD9E /* AppDelegate.swift */,
				A716652A2B7FACFD0033FD9E /* SceneDelegate.swift */,
				A71665582B7FE3C60033FD9E /* BookmarkTableViewCell.swift */,
				A716655A2B80DC490033FD9E /* Bookmark.swift */,
				A716652C2B7FACFD0033FD9E /* ViewController.swift */,
				A716652E2B7FACFD0033FD9E /* Main.storyboard */,
				A71665312B7FACFE0033FD9E /* Assets.xcassets */,
				A71665332B7FACFE0033FD9E /* LaunchScreen.storyboard */,
				A71665362B7FACFE0033FD9E /* Info.plist */,
			);
			path = HWlesson23;
			sourceTree = "<group>";
		};
		A716653E2B7FACFE0033FD9E /* HWlesson23Tests */ = {
			isa = PBXGroup;
			children = (
				A716653F2B7FACFE0033FD9E /* HWlesson23Tests.swift */,
			);
			path = HWlesson23Tests;
			sourceTree = "<group>";
		};
		A71665482B7FACFE0033FD9E /* HWlesson23UITests */ = {
			isa = PBXGroup;
			children = (
				A71665492B7FACFE0033FD9E /* HWlesson23UITests.swift */,
				A716654B2B7FACFE0033FD9E /* HWlesson23UITestsLaunchTests.swift */,
			);
			path = HWlesson23UITests;
			sourceTree = "<group>";
		};
/* End PBXGroup section */

/* Begin PBXNativeTarget section */
		A71665242B7FACFD0033FD9E /* HWlesson23 */ = {
			isa = PBXNativeTarget;
			buildConfigurationList = A716654F2B7FACFE0033FD9E /* Build configuration list for PBXNativeTarget "HWlesson23" */;
			buildPhases = (
				A71665212B7FACFD0033FD9E /* Sources */,
				A71665222B7FACFD0033FD9E /* Frameworks */,
				A71665232B7FACFD0033FD9E /* Resources */,
			);
			buildRules = (
			);
			dependencies = (
			);
			name = HWlesson23;
			productName = HWlesson23;
			productReference = A71665252B7FACFD0033FD9E /* HWlesson23.app */;
			productType = "com.apple.product-type.application";
		};
		A716653A2B7FACFE0033FD9E /* HWlesson23Tests */ = {
			isa = PBXNativeTarget;
			buildConfigurationList = A71665522B7FACFE0033FD9E /* Build configuration list for PBXNativeTarget "HWlesson23Tests" */;
			buildPhases = (
				A71665372B7FACFE0033FD9E /* Sources */,
				A71665382B7FACFE0033FD9E /* Frameworks */,
				A71665392B7FACFE0033FD9E /* Resources */,
			);
			buildRules = (
			);
			dependencies = (
				A716653D2B7FACFE0033FD9E /* PBXTargetDependency */,
			);
			name = HWlesson23Tests;
			productName = HWlesson23Tests;
			productReference = A716653B2B7FACFE0033FD9E /* HWlesson23Tests.xctest */;
			productType = "com.apple.product-type.bundle.unit-test";
		};
		A71665442B7FACFE0033FD9E /* HWlesson23UITests */ = {
			isa = PBXNativeTarget;
			buildConfigurationList = A71665552B7FACFE0033FD9E /* Build configuration list for PBXNativeTarget "HWlesson23UITests" */;
			buildPhases = (
				A71665412B7FACFE0033FD9E /* Sources */,
				A71665422B7FACFE0033FD9E /* Frameworks */,
				A71665432B7FACFE0033FD9E /* Resources */,
			);
			buildRules = (
			);
			dependencies = (
				A71665472B7FACFE0033FD9E /* PBXTargetDependency */,
			);
			name = HWlesson23UITests;
			productName = HWlesson23UITests;
			productReference = A71665452B7FACFE0033FD9E /* HWlesson23UITests.xctest */;
			productType = "com.apple.product-type.bundle.ui-testing";
		};
/* End PBXNativeTarget section */

/* Begin PBXProject section */
		A716651D2B7FACFD0033FD9E /* Project object */ = {
			isa = PBXProject;
			attributes = {
				BuildIndependentTargetsInParallel = 1;
				LastSwiftUpdateCheck = 1500;
				LastUpgradeCheck = 1500;
				TargetAttributes = {
					A71665242B7FACFD0033FD9E = {
						CreatedOnToolsVersion = 15.0.1;
					};
					A716653A2B7FACFE0033FD9E = {
						CreatedOnToolsVersion = 15.0.1;
						TestTargetID = A71665242B7FACFD0033FD9E;
					};
					A71665442B7FACFE0033FD9E = {
						CreatedOnToolsVersion = 15.0.1;
						TestTargetID = A71665242B7FACFD0033FD9E;
					};
				};
			};
			buildConfigurationList = A71665202B7FACFD0033FD9E /* Build configuration list for PBXProject "HWlesson23" */;
			compatibilityVersion = "Xcode 14.0";
			developmentRegion = en;
			hasScannedForEncodings = 0;
			knownRegions = (
				en,
				Base,
			);
			mainGroup = A716651C2B7FACFD0033FD9E;
			productRefGroup = A71665262B7FACFD0033FD9E /* Products */;
			projectDirPath = "";
			projectRoot = "";
			targets = (
				A71665242B7FACFD0033FD9E /* HWlesson23 */,
				A716653A2B7FACFE0033FD9E /* HWlesson23Tests */,
				A71665442B7FACFE0033FD9E /* HWlesson23UITests */,
			);
		};
/* End PBXProject section */

/* Begin PBXResourcesBuildPhase section */
		A71665232B7FACFD0033FD9E /* Resources */ = {
			isa = PBXResourcesBuildPhase;
			buildActionMask = 2147483647;
			files = (
				A71665352B7FACFE0033FD9E /* LaunchScreen.storyboard in Resources */,
				A71665322B7FACFE0033FD9E /* Assets.xcassets in Resources */,
				A71665302B7FACFD0033FD9E /* Main.storyboard in Resources */,
			);
			runOnlyForDeploymentPostprocessing = 0;
		};
		A71665392B7FACFE0033FD9E /* Resources */ = {
			isa = PBXResourcesBuildPhase;
			buildActionMask = 2147483647;
			files = (
			);
			runOnlyForDeploymentPostprocessing = 0;
		};
		A71665432B7FACFE0033FD9E /* Resources */ = {
			isa = PBXResourcesBuildPhase;
			buildActionMask = 2147483647;
			files = (
			);
			runOnlyForDeploymentPostprocessing = 0;
		};
/* End PBXResourcesBuildPhase section */

/* Begin PBXSourcesBuildPhase section */
		A71665212B7FACFD0033FD9E /* Sources */ = {
			isa = PBXSourcesBuildPhase;
			buildActionMask = 2147483647;
			files = (
				A716655B2B80DC490033FD9E /* Bookmark.swift in Sources */,
				A716652D2B7FACFD0033FD9E /* ViewController.swift in Sources */,
				A71665292B7FACFD0033FD9E /* AppDelegate.swift in Sources */,
				A716652B2B7FACFD0033FD9E /* SceneDelegate.swift in Sources */,
				A71665592B7FE3C60033FD9E /* BookmarkTableViewCell.swift in Sources */,
			);
			runOnlyForDeploymentPostprocessing = 0;
		};
		A71665372B7FACFE0033FD9E /* Sources */ = {
			isa = PBXSourcesBuildPhase;
			buildActionMask = 2147483647;
			files = (
				A71665402B7FACFE0033FD9E /* HWlesson23Tests.swift in Sources */,
			);
			runOnlyForDeploymentPostprocessing = 0;
		};
		A71665412B7FACFE0033FD9E /* Sources */ = {
			isa = PBXSourcesBuildPhase;
			buildActionMask = 2147483647;
			files = (
				A716654C2B7FACFE0033FD9E /* HWlesson23UITestsLaunchTests.swift in Sources */,
				A716654A2B7FACFE0033FD9E /* HWlesson23UITests.swift in Sources */,
			);
			runOnlyForDeploymentPostprocessing = 0;
		};
/* End PBXSourcesBuildPhase section */

/* Begin PBXTargetDependency section */
		A716653D2B7FACFE0033FD9E /* PBXTargetDependency */ = {
			isa = PBXTargetDependency;
			target = A71665242B7FACFD0033FD9E /* HWlesson23 */;
			targetProxy = A716653C2B7FACFE0033FD9E /* PBXContainerItemProxy */;
		};
		A71665472B7FACFE0033FD9E /* PBXTargetDependency */ = {
			isa = PBXTargetDependency;
			target = A71665242B7FACFD0033FD9E /* HWlesson23 */;
			targetProxy = A71665462B7FACFE0033FD9E /* PBXContainerItemProxy */;
		};
/* End PBXTargetDependency section */

/* Begin PBXVariantGroup section */
		A716652E2B7FACFD0033FD9E /* Main.storyboard */ = {
			isa = PBXVariantGroup;
			children = (
				A716652F2B7FACFD0033FD9E /* Base */,
			);
			name = Main.storyboard;
			sourceTree = "<group>";
		};
		A71665332B7FACFE0033FD9E /* LaunchScreen.storyboard */ = {
			isa = PBXVariantGroup;
			children = (
				A71665342B7FACFE0033FD9E /* Base */,
			);
			name = LaunchScreen.storyboard;
			sourceTree = "<group>";
		};
/* End PBXVariantGroup section */

/* Begin XCBuildConfiguration section */
		A716654D2B7FACFE0033FD9E /* Debug */ = {
			isa = XCBuildConfiguration;
			buildSettings = {
				ALWAYS_SEARCH_USER_PATHS = NO;
				ASSETCATALOG_COMPILER_GENERATE_SWIFT_ASSET_SYMBOL_EXTENSIONS = YES;
				CLANG_ANALYZER_NONNULL = YES;
				CLANG_ANALYZER_NUMBER_OBJECT_CONVERSION = YES_AGGRESSIVE;
				CLANG_CXX_LANGUAGE_STANDARD = "gnu++20";
				CLANG_ENABLE_MODULES = YES;
				CLANG_ENABLE_OBJC_ARC = YES;
				CLANG_ENABLE_OBJC_WEAK = YES;
				CLANG_WARN_BLOCK_CAPTURE_AUTORELEASING = YES;
				CLANG_WARN_BOOL_CONVERSION = YES;
				CLANG_WARN_COMMA = YES;
				CLANG_WARN_CONSTANT_CONVERSION = YES;
				CLANG_WARN_DEPRECATED_OBJC_IMPLEMENTATIONS = YES;
				CLANG_WARN_DIRECT_OBJC_ISA_USAGE = YES_ERROR;
				CLANG_WARN_DOCUMENTATION_COMMENTS = YES;
				CLANG_WARN_EMPTY_BODY = YES;
				CLANG_WARN_ENUM_CONVERSION = YES;
				CLANG_WARN_INFINITE_RECURSION = YES;
				CLANG_WARN_INT_CONVERSION = YES;
				CLANG_WARN_NON_LITERAL_NULL_CONVERSION = YES;
				CLANG_WARN_OBJC_IMPLICIT_RETAIN_SELF = YES;
				CLANG_WARN_OBJC_LITERAL_CONVERSION = YES;
				CLANG_WARN_OBJC_ROOT_CLASS = YES_ERROR;
				CLANG_WARN_QUOTED_INCLUDE_IN_FRAMEWORK_HEADER = YES;
				CLANG_WARN_RANGE_LOOP_ANALYSIS = YES;
				CLANG_WARN_STRICT_PROTOTYPES = YES;
				CLANG_WARN_SUSPICIOUS_MOVE = YES;
				CLANG_WARN_UNGUARDED_AVAILABILITY = YES_AGGRESSIVE;
				CLANG_WARN_UNREACHABLE_CODE = YES;
				CLANG_WARN__DUPLICATE_METHOD_MATCH = YES;
				COPY_PHASE_STRIP = NO;
				DEBUG_INFORMATION_FORMAT = dwarf;
				ENABLE_STRICT_OBJC_MSGSEND = YES;
				ENABLE_TESTABILITY = YES;
				ENABLE_USER_SCRIPT_SANDBOXING = YES;
				GCC_C_LANGUAGE_STANDARD = gnu17;
				GCC_DYNAMIC_NO_PIC = NO;
				GCC_NO_COMMON_BLOCKS = YES;
				GCC_OPTIMIZATION_LEVEL = 0;
				GCC_PREPROCESSOR_DEFINITIONS = (
					"DEBUG=1",
					"$(inherited)",
				);
				GCC_WARN_64_TO_32_BIT_CONVERSION = YES;
				GCC_WARN_ABOUT_RETURN_TYPE = YES_ERROR;
				GCC_WARN_UNDECLARED_SELECTOR = YES;
				GCC_WARN_UNINITIALIZED_AUTOS = YES_AGGRESSIVE;
				GCC_WARN_UNUSED_FUNCTION = YES;
				GCC_WARN_UNUSED_VARIABLE = YES;
				IPHONEOS_DEPLOYMENT_TARGET = 17.0;
				LOCALIZATION_PREFERS_STRING_CATALOGS = YES;
				MTL_ENABLE_DEBUG_INFO = INCLUDE_SOURCE;
				MTL_FAST_MATH = YES;
				ONLY_ACTIVE_ARCH = YES;
				SDKROOT = iphoneos;
				SWIFT_ACTIVE_COMPILATION_CONDITIONS = "DEBUG $(inherited)";
				SWIFT_OPTIMIZATION_LEVEL = "-Onone";
			};
			name = Debug;
		};
		A716654E2B7FACFE0033FD9E /* Release */ = {
			isa = XCBuildConfiguration;
			buildSettings = {
				ALWAYS_SEARCH_USER_PATHS = NO;
				ASSETCATALOG_COMPILER_GENERATE_SWIFT_ASSET_SYMBOL_EXTENSIONS = YES;
				CLANG_ANALYZER_NONNULL = YES;
				CLANG_ANALYZER_NUMBER_OBJECT_CONVERSION = YES_AGGRESSIVE;
				CLANG_CXX_LANGUAGE_STANDARD = "gnu++20";
				CLANG_ENABLE_MODULES = YES;
				CLANG_ENABLE_OBJC_ARC = YES;
				CLANG_ENABLE_OBJC_WEAK = YES;
				CLANG_WARN_BLOCK_CAPTURE_AUTORELEASING = YES;
				CLANG_WARN_BOOL_CONVERSION = YES;
				CLANG_WARN_COMMA = YES;
				CLANG_WARN_CONSTANT_CONVERSION = YES;
				CLANG_WARN_DEPRECATED_OBJC_IMPLEMENTATIONS = YES;
				CLANG_WARN_DIRECT_OBJC_ISA_USAGE = YES_ERROR;
				CLANG_WARN_DOCUMENTATION_COMMENTS = YES;
				CLANG_WARN_EMPTY_BODY = YES;
				CLANG_WARN_ENUM_CONVERSION = YES;
				CLANG_WARN_INFINITE_RECURSION = YES;
				CLANG_WARN_INT_CONVERSION = YES;
				CLANG_WARN_NON_LITERAL_NULL_CONVERSION = YES;
				CLANG_WARN_OBJC_IMPLICIT_RETAIN_SELF = YES;
				CLANG_WARN_OBJC_LITERAL_CONVERSION = YES;
				CLANG_WARN_OBJC_ROOT_CLASS = YES_ERROR;
				CLANG_WARN_QUOTED_INCLUDE_IN_FRAMEWORK_HEADER = YES;
				CLANG_WARN_RANGE_LOOP_ANALYSIS = YES;
				CLANG_WARN_STRICT_PROTOTYPES = YES;
				CLANG_WARN_SUSPICIOUS_MOVE = YES;
				CLANG_WARN_UNGUARDED_AVAILABILITY = YES_AGGRESSIVE;
				CLANG_WARN_UNREACHABLE_CODE = YES;
				CLANG_WARN__DUPLICATE_METHOD_MATCH = YES;
				COPY_PHASE_STRIP = NO;
				DEBUG_INFORMATION_FORMAT = "dwarf-with-dsym";
				ENABLE_NS_ASSERTIONS = NO;
				ENABLE_STRICT_OBJC_MSGSEND = YES;
				ENABLE_USER_SCRIPT_SANDBOXING = YES;
				GCC_C_LANGUAGE_STANDARD = gnu17;
				GCC_NO_COMMON_BLOCKS = YES;
				GCC_WARN_64_TO_32_BIT_CONVERSION = YES;
				GCC_WARN_ABOUT_RETURN_TYPE = YES_ERROR;
				GCC_WARN_UNDECLARED_SELECTOR = YES;
				GCC_WARN_UNINITIALIZED_AUTOS = YES_AGGRESSIVE;
				GCC_WARN_UNUSED_FUNCTION = YES;
				GCC_WARN_UNUSED_VARIABLE = YES;
				IPHONEOS_DEPLOYMENT_TARGET = 17.0;
				LOCALIZATION_PREFERS_STRING_CATALOGS = YES;
				MTL_ENABLE_DEBUG_INFO = NO;
				MTL_FAST_MATH = YES;
				SDKROOT = iphoneos;
				SWIFT_COMPILATION_MODE = wholemodule;
				VALIDATE_PRODUCT = YES;
			};
			name = Release;
		};
		A71665502B7FACFE0033FD9E /* Debug */ = {
			isa = XCBuildConfiguration;
			buildSettings = {
				ASSETCATALOG_COMPILER_APPICON_NAME = AppIcon;
				ASSETCATALOG_COMPILER_GLOBAL_ACCENT_COLOR_NAME = AccentColor;
				CODE_SIGN_STYLE = Automatic;
				CURRENT_PROJECT_VERSION = 1;
				GENERATE_INFOPLIST_FILE = YES;
				INFOPLIST_FILE = HWlesson23/Info.plist;
				INFOPLIST_KEY_UIApplicationSupportsIndirectInputEvents = YES;
				INFOPLIST_KEY_UILaunchStoryboardName = LaunchScreen;
				INFOPLIST_KEY_UIMainStoryboardFile = Main;
				INFOPLIST_KEY_UISupportedInterfaceOrientations_iPad = "UIInterfaceOrientationPortrait UIInterfaceOrientationPortraitUpsideDown UIInterfaceOrientationLandscapeLeft UIInterfaceOrientationLandscapeRight";
				INFOPLIST_KEY_UISupportedInterfaceOrientations_iPhone = "UIInterfaceOrientationPortrait UIInterfaceOrientationLandscapeLeft UIInterfaceOrientationLandscapeRight";
				LD_RUNPATH_SEARCH_PATHS = (
					"$(inherited)",
					"@executable_path/Frameworks",
				);
				MARKETING_VERSION = 1.0;
				PRODUCT_BUNDLE_IDENTIFIER = tms.HWlesson23;
				PRODUCT_NAME = "$(TARGET_NAME)";
				SWIFT_EMIT_LOC_STRINGS = YES;
				SWIFT_VERSION = 5.0;
				TARGETED_DEVICE_FAMILY = "1,2";
			};
			name = Debug;
		};
		A71665512B7FACFE0033FD9E /* Release */ = {
			isa = XCBuildConfiguration;
			buildSettings = {
				ASSETCATALOG_COMPILER_APPICON_NAME = AppIcon;
				ASSETCATALOG_COMPILER_GLOBAL_ACCENT_COLOR_NAME = AccentColor;
				CODE_SIGN_STYLE = Automatic;
				CURRENT_PROJECT_VERSION = 1;
				GENERATE_INFOPLIST_FILE = YES;
				INFOPLIST_FILE = HWlesson23/Info.plist;
				INFOPLIST_KEY_UIApplicationSupportsIndirectInputEvents = YES;
				INFOPLIST_KEY_UILaunchStoryboardName = LaunchScreen;
				INFOPLIST_KEY_UIMainStoryboardFile = Main;
				INFOPLIST_KEY_UISupportedInterfaceOrientations_iPad = "UIInterfaceOrientationPortrait UIInterfaceOrientationPortraitUpsideDown UIInterfaceOrientationLandscapeLeft UIInterfaceOrientationLandscapeRight";
				INFOPLIST_KEY_UISupportedInterfaceOrientations_iPhone = "UIInterfaceOrientationPortrait UIInterfaceOrientationLandscapeLeft UIInterfaceOrientationLandscapeRight";
				LD_RUNPATH_SEARCH_PATHS = (
					"$(inherited)",
					"@executable_path/Frameworks",
				);
				MARKETING_VERSION = 1.0;
				PRODUCT_BUNDLE_IDENTIFIER = tms.HWlesson23;
				PRODUCT_NAME = "$(TARGET_NAME)";
				SWIFT_EMIT_LOC_STRINGS = YES;
				SWIFT_VERSION = 5.0;
				TARGETED_DEVICE_FAMILY = "1,2";
			};
			name = Release;
		};
		A71665532B7FACFE0033FD9E /* Debug */ = {
			isa = XCBuildConfiguration;
			buildSettings = {
				ALWAYS_EMBED_SWIFT_STANDARD_LIBRARIES = YES;
				BUNDLE_LOADER = "$(TEST_HOST)";
				CODE_SIGN_STYLE = Automatic;
				CURRENT_PROJECT_VERSION = 1;
				GENERATE_INFOPLIST_FILE = YES;
				IPHONEOS_DEPLOYMENT_TARGET = 17.0;
				MARKETING_VERSION = 1.0;
				PRODUCT_BUNDLE_IDENTIFIER = tms.HWlesson23Tests;
				PRODUCT_NAME = "$(TARGET_NAME)";
				SWIFT_EMIT_LOC_STRINGS = NO;
				SWIFT_VERSION = 5.0;
				TARGETED_DEVICE_FAMILY = "1,2";
				TEST_HOST = "$(BUILT_PRODUCTS_DIR)/HWlesson23.app/$(BUNDLE_EXECUTABLE_FOLDER_PATH)/HWlesson23";
			};
			name = Debug;
		};
		A71665542B7FACFE0033FD9E /* Release */ = {
			isa = XCBuildConfiguration;
			buildSettings = {
				ALWAYS_EMBED_SWIFT_STANDARD_LIBRARIES = YES;
				BUNDLE_LOADER = "$(TEST_HOST)";
				CODE_SIGN_STYLE = Automatic;
				CURRENT_PROJECT_VERSION = 1;
				GENERATE_INFOPLIST_FILE = YES;
				IPHONEOS_DEPLOYMENT_TARGET = 17.0;
				MARKETING_VERSION = 1.0;
				PRODUCT_BUNDLE_IDENTIFIER = tms.HWlesson23Tests;
				PRODUCT_NAME = "$(TARGET_NAME)";
				SWIFT_EMIT_LOC_STRINGS = NO;
				SWIFT_VERSION = 5.0;
				TARGETED_DEVICE_FAMILY = "1,2";
				TEST_HOST = "$(BUILT_PRODUCTS_DIR)/HWlesson23.app/$(BUNDLE_EXECUTABLE_FOLDER_PATH)/HWlesson23";
			};
			name = Release;
		};
		A71665562B7FACFE0033FD9E /* Debug */ = {
			isa = XCBuildConfiguration;
			buildSettings = {
				ALWAYS_EMBED_SWIFT_STANDARD_LIBRARIES = YES;
				CODE_SIGN_STYLE = Automatic;
				CURRENT_PROJECT_VERSION = 1;
				GENERATE_INFOPLIST_FILE = YES;
				MARKETING_VERSION = 1.0;
				PRODUCT_BUNDLE_IDENTIFIER = tms.HWlesson23UITests;
				PRODUCT_NAME = "$(TARGET_NAME)";
				SWIFT_EMIT_LOC_STRINGS = NO;
				SWIFT_VERSION = 5.0;
				TARGETED_DEVICE_FAMILY = "1,2";
				TEST_TARGET_NAME = HWlesson23;
			};
			name = Debug;
		};
		A71665572B7FACFE0033FD9E /* Release */ = {
			isa = XCBuildConfiguration;
			buildSettings = {
				ALWAYS_EMBED_SWIFT_STANDARD_LIBRARIES = YES;
				CODE_SIGN_STYLE = Automatic;
				CURRENT_PROJECT_VERSION = 1;
				GENERATE_INFOPLIST_FILE = YES;
				MARKETING_VERSION = 1.0;
				PRODUCT_BUNDLE_IDENTIFIER = tms.HWlesson23UITests;
				PRODUCT_NAME = "$(TARGET_NAME)";
				SWIFT_EMIT_LOC_STRINGS = NO;
				SWIFT_VERSION = 5.0;
				TARGETED_DEVICE_FAMILY = "1,2";
				TEST_TARGET_NAME = HWlesson23;
			};
			name = Release;
		};
/* End XCBuildConfiguration section */

/* Begin XCConfigurationList section */
		A71665202B7FACFD0033FD9E /* Build configuration list for PBXProject "HWlesson23" */ = {
			isa = XCConfigurationList;
			buildConfigurations = (
				A716654D2B7FACFE0033FD9E /* Debug */,
				A716654E2B7FACFE0033FD9E /* Release */,
			);
			defaultConfigurationIsVisible = 0;
			defaultConfigurationName = Release;
		};
		A716654F2B7FACFE0033FD9E /* Build configuration list for PBXNativeTarget "HWlesson23" */ = {
			isa = XCConfigurationList;
			buildConfigurations = (
				A71665502B7FACFE0033FD9E /* Debug */,
				A71665512B7FACFE0033FD9E /* Release */,
			);
			defaultConfigurationIsVisible = 0;
			defaultConfigurationName = Release;
		};
		A71665522B7FACFE0033FD9E /* Build configuration list for PBXNativeTarget "HWlesson23Tests" */ = {
			isa = XCConfigurationList;
			buildConfigurations = (
				A71665532B7FACFE0033FD9E /* Debug */,
				A71665542B7FACFE0033FD9E /* Release */,
			);
			defaultConfigurationIsVisible = 0;
			defaultConfigurationName = Release;
		};
		A71665552B7FACFE0033FD9E /* Build configuration list for PBXNativeTarget "HWlesson23UITests" */ = {
			isa = XCConfigurationList;
			buildConfigurations = (
				A71665562B7FACFE0033FD9E /* Debug */,
				A71665572B7FACFE0033FD9E /* Release */,
			);
			defaultConfigurationIsVisible = 0;
			defaultConfigurationName = Release;
		};
/* End XCConfigurationList section */
	};
	rootObject = A716651D2B7FACFD0033FD9E /* Project object */;
}
